
Microsoft Visual Studio Solution File, Format Version 12.00
# Visual Studio 2013
VisualStudioVersion = 12.0.40629.0
MinimumVisualStudioVersion = 10.0.40219.1
Project("{FAE04EC0-301F-11D3-BF4B-00C04F79EFBC}") = "Solicitacao de Ambulancias", "Solicitacao de Ambulancias\Solicitacao de Ambulancias.csproj", "{86CEC13C-40BC-4BB4-BD86-7311E160B7C2}"
EndProject
Project("{FAE04EC0-301F-11D3-BF4B-00C04F79EFBC}") = "db_transporte_sanitario", "db_transporte_sanitario\db_transporte_sanitario.csproj", "{D43B3B37-AE11-473E-8177-4D448F306514}"
EndProject
Global
	GlobalSection(SolutionConfigurationPlatforms) = preSolution
		CD_ROM|Any CPU = CD_ROM|Any CPU
		Debug|Any CPU = Debug|Any CPU
		DVD-5|Any CPU = DVD-5|Any CPU
		Release|Any CPU = Release|Any CPU
		SingleImage|Any CPU = SingleImage|Any CPU
	EndGlobalSection
	GlobalSection(ProjectConfigurationPlatforms) = postSolution
		{86CEC13C-40BC-4BB4-BD86-7311E160B7C2}.CD_ROM|Any CPU.ActiveCfg = Release|Any CPU
		{86CEC13C-40BC-4BB4-BD86-7311E160B7C2}.CD_ROM|Any CPU.Build.0 = Release|Any CPU
		{86CEC13C-40BC-4BB4-BD86-7311E160B7C2}.Debug|Any CPU.ActiveCfg = Debug|Any CPU
		{86CEC13C-40BC-4BB4-BD86-7311E160B7C2}.Debug|Any CPU.Build.0 = Debug|Any CPU
		{86CEC13C-40BC-4BB4-BD86-7311E160B7C2}.DVD-5|Any CPU.ActiveCfg = Debug|Any CPU
		{86CEC13C-40BC-4BB4-BD86-7311E160B7C2}.DVD-5|Any CPU.Build.0 = Debug|Any CPU
		{86CEC13C-40BC-4BB4-BD86-7311E160B7C2}.Release|Any CPU.ActiveCfg = Release|Any CPU
		{86CEC13C-40BC-4BB4-BD86-7311E160B7C2}.Release|Any CPU.Build.0 = Release|Any CPU
		{86CEC13C-40BC-4BB4-BD86-7311E160B7C2}.SingleImage|Any CPU.ActiveCfg = Release|Any CPU
		{86CEC13C-40BC-4BB4-BD86-7311E160B7C2}.SingleImage|Any CPU.Build.0 = Release|Any CPU
		{D43B3B37-AE11-473E-8177-4D448F306514}.CD_ROM|Any CPU.ActiveCfg = Release|Any CPU
		{D43B3B37-AE11-473E-8177-4D448F306514}.CD_ROM|Any CPU.Build.0 = Release|Any CPU
		{D43B3B37-AE11-473E-8177-4D448F306514}.Debug|Any CPU.ActiveCfg = Debug|Any CPU
		{D43B3B37-AE11-473E-8177-4D448F306514}.Debug|Any CPU.Build.0 = Debug|Any CPU
		{D43B3B37-AE11-473E-8177-4D448F306514}.DVD-5|Any CPU.ActiveCfg = Debug|Any CPU
		{D43B3B37-AE11-473E-8177-4D448F306514}.DVD-5|Any CPU.Build.0 = Debug|Any CPU
		{D43B3B37-AE11-473E-8177-4D448F306514}.Release|Any CPU.ActiveCfg = Release|Any CPU
		{D43B3B37-AE11-473E-8177-4D448F306514}.Release|Any CPU.Build.0 = Release|Any CPU
		{D43B3B37-AE11-473E-8177-4D448F306514}.SingleImage|Any CPU.ActiveCfg = Release|Any CPU
		{D43B3B37-AE11-473E-8177-4D448F306514}.SingleImage|Any CPU.Build.0 = Release|Any CPU
	EndGlobalSection
	GlobalSection(SolutionProperties) = preSolution
		HideSolutionNode = FALSE
	EndGlobalSection
EndGlobal
